
Microsoft Visual Studio Solution File, Format Version 12.00
# Visual Studio Version 16
VisualStudioVersion = 16.0.31515.178
MinimumVisualStudioVersion = 10.0.40219.1
Project("{FAE04EC0-301F-11D3-BF4B-00C04F79EFBC}") = "API Server", "API Server\API Server.csproj", "{827F6C02-BD64-47C5-BFD8-2E5A1FF1E31D}"
EndProject
Global
	GlobalSection(SolutionConfigurationPlatforms) = preSolution
		Debug|Any CPU = Debug|Any CPU
		Release|Any CPU = Release|Any CPU
	EndGlobalSection
	GlobalSection(ProjectConfigurationPlatforms) = postSolution
		{827F6C02-BD64-47C5-BFD8-2E5A1FF1E31D}.Debug|Any CPU.ActiveCfg = Debug|Any CPU
		{827F6C02-BD64-47C5-BFD8-2E5A1FF1E31D}.Debug|Any CPU.Build.0 = Debug|Any CPU
		{827F6C02-BD64-47C5-BFD8-2E5A1FF1E31D}.Release|Any CPU.ActiveCfg = Release|Any CPU
		{827F6C02-BD64-47C5-BFD8-2E5A1FF1E31D}.Release|Any CPU.Build.0 = Release|Any CPU
	EndGlobalSection
	GlobalSection(SolutionProperties) = preSolution
		HideSolutionNode = FALSE
	EndGlobalSection
	GlobalSection(ExtensibilityGlobals) = postSolution
		SolutionGuid = {52E975AA-B6D4-4976-ADB0-5DC1AE9DE650}
	EndGlobalSection
EndGlobal
